
Microsoft Visual Studio Solution File, Format Version 12.00
# Visual Studio Version 17
VisualStudioVersion = 17.3.32922.545
MinimumVisualStudioVersion = 10.0.40219.1
Project("{FAE04EC0-301F-11D3-BF4B-00C04F79EFBC}") = "ProjectCa", "ProjectCa\ProjectCa.csproj", "{3D237A7A-EEC0-4A79-84CA-4B93BCC21336}"
EndProject
Project("{2150E333-8FDC-42A3-9474-1A3956D46DE8}") = "Json", "Json", "{A4FE179E-1252-46BD-9A9B-8848ED3EA3D6}"
	ProjectSection(SolutionItems) = preProject
		..\..\..\Json\gym.json = ..\..\..\Json\gym.json
	EndProjectSection
EndProject
Project("{FAE04EC0-301F-11D3-BF4B-00C04F79EFBC}") = "testJson", "testJson\testJson.csproj", "{EE637AB0-A1B1-4339-BE8F-4C7C383CDCCC}"
EndProject
Global
	GlobalSection(SolutionConfigurationPlatforms) = preSolution
		Debug|Any CPU = Debug|Any CPU
		Release|Any CPU = Release|Any CPU
	EndGlobalSection
	GlobalSection(ProjectConfigurationPlatforms) = postSolution
		{3D237A7A-EEC0-4A79-84CA-4B93BCC21336}.Debug|Any CPU.ActiveCfg = Debug|Any CPU
		{3D237A7A-EEC0-4A79-84CA-4B93BCC21336}.Debug|Any CPU.Build.0 = Debug|Any CPU
		{3D237A7A-EEC0-4A79-84CA-4B93BCC21336}.Release|Any CPU.ActiveCfg = Release|Any CPU
		{3D237A7A-EEC0-4A79-84CA-4B93BCC21336}.Release|Any CPU.Build.0 = Release|Any CPU
		{EE637AB0-A1B1-4339-BE8F-4C7C383CDCCC}.Debug|Any CPU.ActiveCfg = Debug|Any CPU
		{EE637AB0-A1B1-4339-BE8F-4C7C383CDCCC}.Debug|Any CPU.Build.0 = Debug|Any CPU
		{EE637AB0-A1B1-4339-BE8F-4C7C383CDCCC}.Release|Any CPU.ActiveCfg = Release|Any CPU
		{EE637AB0-A1B1-4339-BE8F-4C7C383CDCCC}.Release|Any CPU.Build.0 = Release|Any CPU
	EndGlobalSection
	GlobalSection(SolutionProperties) = preSolution
		HideSolutionNode = FALSE
	EndGlobalSection
	GlobalSection(ExtensibilityGlobals) = postSolution
		SolutionGuid = {AF8A32D9-0101-45EC-B791-7D6F2D021964}
	EndGlobalSection
EndGlobal
